
Microsoft Visual Studio Solution File, Format Version 12.00
# Visual Studio Version 16
VisualStudioVersion = 16.0.31515.178
MinimumVisualStudioVersion = 10.0.40219.1
Project("{FAE04EC0-301F-11D3-BF4B-00C04F79EFBC}") = "BankAccountManagementSystem", "BankAccountManagementSystem\BankAccountManagementSystem.csproj", "{42E12746-23AC-4300-8FC1-C792A1A7E72B}"
EndProject
Global
	GlobalSection(SolutionConfigurationPlatforms) = preSolution
		Debug|Any CPU = Debug|Any CPU
		Release|Any CPU = Release|Any CPU
	EndGlobalSection
	GlobalSection(ProjectConfigurationPlatforms) = postSolution
		{42E12746-23AC-4300-8FC1-C792A1A7E72B}.Debug|Any CPU.ActiveCfg = Debug|Any CPU
		{42E12746-23AC-4300-8FC1-C792A1A7E72B}.Debug|Any CPU.Build.0 = Debug|Any CPU
		{42E12746-23AC-4300-8FC1-C792A1A7E72B}.Release|Any CPU.ActiveCfg = Release|Any CPU
		{42E12746-23AC-4300-8FC1-C792A1A7E72B}.Release|Any CPU.Build.0 = Release|Any CPU
	EndGlobalSection
	GlobalSection(SolutionProperties) = preSolution
		HideSolutionNode = FALSE
	EndGlobalSection
	GlobalSection(ExtensibilityGlobals) = postSolution
		SolutionGuid = {4C17ED15-07F9-4848-A86E-74FCCDC0A8D6}
	EndGlobalSection
EndGlobal
